{
  "name": "dummy",
  "version": "0.0.0",
  "lockfileVersion": 1,
  "requires": true,
  "dependencies": {
    "@webhare/dompack-overlays": {
      "version": "0.9.0",
      "resolved": "https://registry.npmjs.org/@webhare/dompack-overlays/-/dompack-overlays-0.9.0.tgz",
      "integrity": "sha512-abA3qeHZzbyHPTZstuTVnzgmNKe7Dd+aqzYQivDb/TS7hpwPmbra6p0wQCDWorIzeADij0hQtqwgGpFEEM03NQ=="
    },
    "exif-parser": {
      "version": "0.1.9",
      "resolved": "https://registry.npmjs.org/exif-parser/-/exif-parser-0.1.9.tgz",
      "integrity": "sha1-HQh+Bf0rB546jq+P8kmXjLX2+6c="
    },
    "font-awesome": {
      "version": "4.6.1",
      "resolved": "https://registry.npmjs.org/font-awesome/-/font-awesome-4.6.1.tgz",
      "integrity": "sha1-VHJl+0xFu+2Qq4vE93qXs3uFKhI="
    },
    "typeface-roboto": {
      "version": "0.0.75",
      "resolved": "https://registry.npmjs.org/typeface-roboto/-/typeface-roboto-0.0.75.tgz",
      "integrity": "sha512-VrR/IiH00Z1tFP4vDGfwZ1esNqTiDMchBEXYY9kilT6wRGgFoCAlgkEUMHb1E3mB0FsfZhv756IF0+R+SFPfdg=="
    },
    "typeface-roboto-mono": {
      "version": "0.0.75",
      "resolved": "https://registry.npmjs.org/typeface-roboto-mono/-/typeface-roboto-mono-0.0.75.tgz",
      "integrity": "sha512-dYfyXd6HrKyMC/PuBAAtay0tZKsBrzxIW/fBY325vLxFfi/IDKSuyTkWxkU4lyZV6KPHetFnJ661PNXzz2FS/w=="
    }
  }
}
