{
  "name": "webhare_testsuite",
  "lockfileVersion": 3,
  "requires": true,
  "packages": {
    "": {
      "license": "MIT",
      "dependencies": {
        "@xmldom/xmldom": "^0.9.12",
        "openid-client": "^6.8.8",
        "stacktrace-parser": "^0.1.11",
        "temporal-polyfill": "^1.0.5",
        "testpackage": "file:tests/system/nodejs/data/testpackage",
        "testplugin": "file:tests/publisher/assetpacks/data/testplugin",
        "undici": "^8.11.2"
      }
    },
    "node_modules/@xmldom/xmldom": {
      "version": "0.9.12",
      "resolved": "https://registry.npmjs.org/@xmldom/xmldom/-/xmldom-0.9.12.tgz",
      "integrity": "sha512-5AXjrcMClTryPe9LgZrygpB1lj7s0S9E0+W+AHaVKAVyHanafK86iPSvG5xHVSp/jC+VH1UXu0TAEmY279xH7A==",
      "license": "MIT",
      "engines": {
        "node": ">=14.6"
      }
    },
    "node_modules/jose": {
      "version": "6.2.12",
      "resolved": "https://registry.npmjs.org/jose/-/jose-6.2.12.tgz",
      "integrity": "sha512-9NiFmJEex0sy2Dk58j2UGBSHgUs2ypF9eZSu4L6vjOX3Dp96Sw1F3uL+H+D1sx02jZZdzUT0HgvCy59CuvXcWw==",
      "license": "MIT",
      "funding": {
        "url": "https://github.com/sponsors/panva"
      }
    },
    "node_modules/oauth4webapi": {
      "version": "3.8.8",
      "resolved": "https://registry.npmjs.org/oauth4webapi/-/oauth4webapi-3.8.8.tgz",
      "integrity": "sha512-8N28E+a/oxfXWBgOMt+ZP/JUf/XR+IFbvkAEPP3gznXOMv9BpAAwiIj0TFNz3tGTPc0ZQ8zmWBNgN1nAys0gng==",
      "license": "MIT",
      "funding": {
        "url": "https://github.com/sponsors/panva"
      }
    },
    "node_modules/openid-client": {
      "version": "6.8.8",
      "resolved": "https://registry.npmjs.org/openid-client/-/openid-client-6.8.8.tgz",
      "integrity": "sha512-ZsucJA5Ad04Uv7YN4ql+s4GXNmb9uAYQwyJTsJx7CH/MX3JZioLE2pVKi1SC+YrbSLA4Px3Gi30dMjgOZtb6pA==",
      "license": "MIT",
      "dependencies": {
        "jose": "^6.2.12",
        "oauth4webapi": "^3.8.8"
      },
      "funding": {
        "url": "https://github.com/sponsors/panva"
      }
    },
    "node_modules/stacktrace-parser": {
      "version": "0.1.11",
      "resolved": "https://registry.npmjs.org/stacktrace-parser/-/stacktrace-parser-0.1.11.tgz",
      "integrity": "sha512-WjlahMgHmCJpqzU8bIBy4qtsZdU9lRlcZE3Lvyej6t4tuOuv1vk57OW3MBrj6hXBFx/nNoC9MPMTcr5YA7NQbg==",
      "license": "MIT",
      "dependencies": {
        "type-fest": "^0.7.1"
      },
      "engines": {
        "node": ">=6"
      }
    },
    "node_modules/temporal-polyfill": {
      "version": "1.0.5",
      "resolved": "https://registry.npmjs.org/temporal-polyfill/-/temporal-polyfill-1.0.5.tgz",
      "integrity": "sha512-+H/mmY74i6wXCMcjIhGuSnODcyZnc4eois2myhOyX0UqRAKNXQY5m9iB1en5jQ/n4SXtjLXo1ElBI5bmn8tZwQ==",
      "license": "MIT",
      "dependencies": {
        "temporal-spec": "1.0.1",
        "temporal-utils": "1.0.3"
      }
    },
    "node_modules/temporal-spec": {
      "version": "1.0.1",
      "resolved": "https://registry.npmjs.org/temporal-spec/-/temporal-spec-1.0.1.tgz",
      "integrity": "sha512-wxVoanmDeavXie1vu2JaQ3WIc3JZnWAOYFBsJyATaVsXsycKYUflGsyBmrRSnoCpZJpwPyr38VpgSUlQ8CbFxg==",
      "license": "Apache-2.0"
    },
    "node_modules/temporal-utils": {
      "version": "1.0.3",
      "resolved": "https://registry.npmjs.org/temporal-utils/-/temporal-utils-1.0.3.tgz",
      "integrity": "sha512-9jbTSX3HvkOWvDpNpFzwX/d1mkCrgQgwLmVTOEiuocZGKHsrQJtttGZFmybJ2zYP5zCSZuU5ZyeS8+eOEPABiQ==",
      "license": "MIT"
    },
    "node_modules/testpackage": {
      "resolved": "tests/system/nodejs/data/testpackage",
      "link": true
    },
    "node_modules/testplugin": {
      "resolved": "tests/publisher/assetpacks/data/testplugin",
      "link": true
    },
    "node_modules/type-fest": {
      "version": "0.7.1",
      "resolved": "https://registry.npmjs.org/type-fest/-/type-fest-0.7.1.tgz",
      "integrity": "sha512-Ne2YiiGN8bmrmJJEuTWTLJR32nh/JdL1+PSicowtNb0WFpn59GK8/lfD61bVtzguz7b3PBt74nxpv/Pw5po5Rg==",
      "engines": {
        "node": ">=8"
      }
    },
    "node_modules/undici": {
      "version": "8.11.2",
      "resolved": "https://registry.npmjs.org/undici/-/undici-8.11.2.tgz",
      "integrity": "sha512-u4UB2/IrKdU6lFxumHmmo1a3fCQO5tzQllRorfoRS63txhrB7xTpSn1PftwC4qEHkOaqP95fCWW4lJzwErwzhQ==",
      "license": "MIT",
      "engines": {
        "node": ">=22.19.0"
      }
    },
    "tests/publisher/assetpacks/data/testplugin": {
      "version": "0.4.2"
    },
    "tests/system/nodejs/data/testpackage": {}
  }
}
